PODS:
  - quantumgraph (5.2.1):
    - quantumgraph/ios-sdk (= 5.2.1)
  - quantumgraph/ios-sdk (5.2.1)
  - Visilabs (2.5.17)

DEPENDENCIES:
  - quantumgraph
  - Visilabs (from `../`)

SPEC REPOS:
  https://github.com/CocoaPods/Specs.git:
    - quantumgraph

EXTERNAL SOURCES:
  Visilabs:
    :path: "../"

SPEC CHECKSUMS:
  quantumgraph: 677a219d7406fc3c316647591c32a07572ca6e6c
  Visilabs: e47d9caaca8b60d15c2e6636b154bc6e0f8cfcff

PODFILE CHECKSUM: b149eab7facc8fdd5a6e8c7daa6b7ee42d2fa504

COCOAPODS: 1.8.4
