// !$*UTF8*$!
{
	archiveVersion = 1;
	classes = {
	};
	objectVersion = 46;
	objects = {

/* Begin PBXBuildFile section */
		0ED2E57AA480F3255907AD6A /* Pods_Visilabs_Tests.framework in Frameworks */ = {isa = PBXBuildFile; fileRef = 7A6712CC4E38220274A10BBB /* Pods_Visilabs_Tests.framework */; };
		389651E21D654A9B0064B97F /* Location.gpx in Resources */ = {isa = PBXBuildFile; fileRef = 389651E11D654A9B0064B97F /* Location.gpx */; };
		38E5EC3B1D648D4100309F55 /* BaseObject.m in Sources */ = {isa = PBXBuildFile; fileRef = 38E5EC0C1D648D4100309F55 /* BaseObject.m */; };
		38E5EC3C1D648D4100309F55 /* EMBaseRequest.m in Sources */ = {isa = PBXBuildFile; fileRef = 38E5EC0E1D648D4100309F55 /* EMBaseRequest.m */; };
		38E5EC3D1D648D4100309F55 /* EMConnectionManager.m in Sources */ = {isa = PBXBuildFile; fileRef = 38E5EC101D648D4100309F55 /* EMConnectionManager.m */; };
		38E5EC3E1D648D4100309F55 /* EMInteractiveAction.m in Sources */ = {isa = PBXBuildFile; fileRef = 38E5EC121D648D4100309F55 /* EMInteractiveAction.m */; };
		38E5EC3F1D648D4100309F55 /* EMLocation.m in Sources */ = {isa = PBXBuildFile; fileRef = 38E5EC141D648D4100309F55 /* EMLocation.m */; };
		38E5EC401D648D4100309F55 /* EMMessage.m in Sources */ = {isa = PBXBuildFile; fileRef = 38E5EC171D648D4100309F55 /* EMMessage.m */; };
		38E5EC411D648D4100309F55 /* EMRegisterRequest.m in Sources */ = {isa = PBXBuildFile; fileRef = 38E5EC191D648D4100309F55 /* EMRegisterRequest.m */; };
		38E5EC421D648D4100309F55 /* EMRetentionRequest.m in Sources */ = {isa = PBXBuildFile; fileRef = 38E5EC1B1D648D4100309F55 /* EMRetentionRequest.m */; };
		38E5EC431D648D4100309F55 /* EMSettingsModel.m in Sources */ = {isa = PBXBuildFile; fileRef = 38E5EC1D1D648D4100309F55 /* EMSettingsModel.m */; };
		38E5EC441D648D4100309F55 /* EMSettingsRequest.m in Sources */ = {isa = PBXBuildFile; fileRef = 38E5EC1F1D648D4100309F55 /* EMSettingsRequest.m */; };
		38E5EC451D648D4100309F55 /* EMTools.m in Sources */ = {isa = PBXBuildFile; fileRef = 38E5EC211D648D4100309F55 /* EMTools.m */; };
		38E5EC461D648D4100309F55 /* EMURLSessionDelegate.m in Sources */ = {isa = PBXBuildFile; fileRef = 38E5EC231D648D4100309F55 /* EMURLSessionDelegate.m */; };
		38E5EC471D648D4100309F55 /* EuroManager.m in Sources */ = {isa = PBXBuildFile; fileRef = 38E5EC261D648D4100309F55 /* EuroManager.m */; };
		38E5EC481D648D4100309F55 /* Info.plist in Resources */ = {isa = PBXBuildFile; fileRef = 38E5EC271D648D4100309F55 /* Info.plist */; };
		38E5EC491D648D4100309F55 /* EMJSONModel.m in Sources */ = {isa = PBXBuildFile; fileRef = 38E5EC2C1D648D4100309F55 /* EMJSONModel.m */; };
		38E5EC4A1D648D4100309F55 /* EMJSONModelArray.m in Sources */ = {isa = PBXBuildFile; fileRef = 38E5EC2E1D648D4100309F55 /* EMJSONModelArray.m */; };
		38E5EC4B1D648D4100309F55 /* EMJSONModelClassProperty.m in Sources */ = {isa = PBXBuildFile; fileRef = 38E5EC301D648D4100309F55 /* EMJSONModelClassProperty.m */; };
		38E5EC4C1D648D4100309F55 /* EMJSONModelError.m in Sources */ = {isa = PBXBuildFile; fileRef = 38E5EC321D648D4100309F55 /* EMJSONModelError.m */; };
		38E5EC4D1D648D4100309F55 /* NSArray+EMJSONModel.m in Sources */ = {isa = PBXBuildFile; fileRef = 38E5EC351D648D4100309F55 /* NSArray+EMJSONModel.m */; };
		38E5EC4E1D648D4100309F55 /* EMJSONKeyMapper.m in Sources */ = {isa = PBXBuildFile; fileRef = 38E5EC381D648D4100309F55 /* EMJSONKeyMapper.m */; };
		38E5EC4F1D648D4100309F55 /* EMJSONValueTransformer.m in Sources */ = {isa = PBXBuildFile; fileRef = 38E5EC3A1D648D4100309F55 /* EMJSONValueTransformer.m */; };
		6003F58E195388D20070C39A /* Foundation.framework in Frameworks */ = {isa = PBXBuildFile; fileRef = 6003F58D195388D20070C39A /* Foundation.framework */; };
		6003F590195388D20070C39A /* CoreGraphics.framework in Frameworks */ = {isa = PBXBuildFile; fileRef = 6003F58F195388D20070C39A /* CoreGraphics.framework */; };
		6003F592195388D20070C39A /* UIKit.framework in Frameworks */ = {isa = PBXBuildFile; fileRef = 6003F591195388D20070C39A /* UIKit.framework */; };
		6003F598195388D20070C39A /* InfoPlist.strings in Resources */ = {isa = PBXBuildFile; fileRef = 6003F596195388D20070C39A /* InfoPlist.strings */; };
		6003F59A195388D20070C39A /* main.m in Sources */ = {isa = PBXBuildFile; fileRef = 6003F599195388D20070C39A /* main.m */; };
		6003F59E195388D20070C39A /* VisilabsAppDelegate.m in Sources */ = {isa = PBXBuildFile; fileRef = 6003F59D195388D20070C39A /* VisilabsAppDelegate.m */; };
		6003F5A7195388D20070C39A /* VisilabsViewController.m in Sources */ = {isa = PBXBuildFile; fileRef = 6003F5A6195388D20070C39A /* VisilabsViewController.m */; };
		6003F5A9195388D20070C39A /* Images.xcassets in Resources */ = {isa = PBXBuildFile; fileRef = 6003F5A8195388D20070C39A /* Images.xcassets */; };
		6003F5B0195388D20070C39A /* XCTest.framework in Frameworks */ = {isa = PBXBuildFile; fileRef = 6003F5AF195388D20070C39A /* XCTest.framework */; };
		6003F5B1195388D20070C39A /* Foundation.framework in Frameworks */ = {isa = PBXBuildFile; fileRef = 6003F58D195388D20070C39A /* Foundation.framework */; };
		6003F5B2195388D20070C39A /* UIKit.framework in Frameworks */ = {isa = PBXBuildFile; fileRef = 6003F591195388D20070C39A /* UIKit.framework */; };
		6003F5BA195388D20070C39A /* InfoPlist.strings in Resources */ = {isa = PBXBuildFile; fileRef = 6003F5B8195388D20070C39A /* InfoPlist.strings */; };
		6003F5BC195388D20070C39A /* Tests.m in Sources */ = {isa = PBXBuildFile; fileRef = 6003F5BB195388D20070C39A /* Tests.m */; };
		653BD086CFE2DEDB76DCA39D /* Pods_Visilabs_Example.framework in Frameworks */ = {isa = PBXBuildFile; fileRef = 569B719174EBFBB6255E1C9A /* Pods_Visilabs_Example.framework */; };
		873B8AEB1B1F5CCA007FD442 /* Main.storyboard in Resources */ = {isa = PBXBuildFile; fileRef = 873B8AEA1B1F5CCA007FD442 /* Main.storyboard */; };
/* End PBXBuildFile section */

/* Begin PBXContainerItemProxy section */
		6003F5B3195388D20070C39A /* PBXContainerItemProxy */ = {
			isa = PBXContainerItemProxy;
			containerPortal = 6003F582195388D10070C39A /* Project object */;
			proxyType = 1;
			remoteGlobalIDString = 6003F589195388D20070C39A;
			remoteInfo = Visilabs;
		};
/* End PBXContainerItemProxy section */

/* Begin PBXFileReference section */
		279EEC4F2D248E677D49A270 /* Pods-Visilabs_Tests.release.xcconfig */ = {isa = PBXFileReference; includeInIndex = 1; lastKnownFileType = text.xcconfig; name = "Pods-Visilabs_Tests.release.xcconfig"; path = "Pods/Target Support Files/Pods-Visilabs_Tests/Pods-Visilabs_Tests.release.xcconfig"; sourceTree = "<group>"; };
		2D469D6657DB1137798D0294 /* README.md */ = {isa = PBXFileReference; includeInIndex = 1; lastKnownFileType = net.daringfireball.markdown; name = README.md; path = ../README.md; sourceTree = "<group>"; };
		385649AB1DEF71EF000CDFEE /* Visilabs_Example.entitlements */ = {isa = PBXFileReference; lastKnownFileType = text.plist.entitlements; path = Visilabs_Example.entitlements; sourceTree = "<group>"; };
		389651E11D654A9B0064B97F /* Location.gpx */ = {isa = PBXFileReference; fileEncoding = 4; lastKnownFileType = text.xml; path = Location.gpx; sourceTree = "<group>"; };
		38AA5BC51D65D0E200DB0692 /* Location.gpx */ = {isa = PBXFileReference; fileEncoding = 4; lastKnownFileType = text.xml; path = Location.gpx; sourceTree = "<group>"; };
		38E5EC0B1D648D4100309F55 /* BaseObject.h */ = {isa = PBXFileReference; fileEncoding = 4; lastKnownFileType = sourcecode.c.h; path = BaseObject.h; sourceTree = "<group>"; };
		38E5EC0C1D648D4100309F55 /* BaseObject.m */ = {isa = PBXFileReference; fileEncoding = 4; lastKnownFileType = sourcecode.c.objc; path = BaseObject.m; sourceTree = "<group>"; };
		38E5EC0D1D648D4100309F55 /* EMBaseRequest.h */ = {isa = PBXFileReference; fileEncoding = 4; lastKnownFileType = sourcecode.c.h; path = EMBaseRequest.h; sourceTree = "<group>"; };
		38E5EC0E1D648D4100309F55 /* EMBaseRequest.m */ = {isa = PBXFileReference; fileEncoding = 4; lastKnownFileType = sourcecode.c.objc; path = EMBaseRequest.m; sourceTree = "<group>"; };
		38E5EC0F1D648D4100309F55 /* EMConnectionManager.h */ = {isa = PBXFileReference; fileEncoding = 4; lastKnownFileType = sourcecode.c.h; path = EMConnectionManager.h; sourceTree = "<group>"; };
		38E5EC101D648D4100309F55 /* EMConnectionManager.m */ = {isa = PBXFileReference; fileEncoding = 4; lastKnownFileType = sourcecode.c.objc; path = EMConnectionManager.m; sourceTree = "<group>"; };
		38E5EC111D648D4100309F55 /* EMInteractiveAction.h */ = {isa = PBXFileReference; fileEncoding = 4; lastKnownFileType = sourcecode.c.h; path = EMInteractiveAction.h; sourceTree = "<group>"; };
		38E5EC121D648D4100309F55 /* EMInteractiveAction.m */ = {isa = PBXFileReference; fileEncoding = 4; lastKnownFileType = sourcecode.c.objc; path = EMInteractiveAction.m; sourceTree = "<group>"; };
		38E5EC131D648D4100309F55 /* EMLocation.h */ = {isa = PBXFileReference; fileEncoding = 4; lastKnownFileType = sourcecode.c.h; path = EMLocation.h; sourceTree = "<group>"; };
		38E5EC141D648D4100309F55 /* EMLocation.m */ = {isa = PBXFileReference; fileEncoding = 4; lastKnownFileType = sourcecode.c.objc; path = EMLocation.m; sourceTree = "<group>"; };
		38E5EC151D648D4100309F55 /* EMLogging.h */ = {isa = PBXFileReference; fileEncoding = 4; lastKnownFileType = sourcecode.c.h; path = EMLogging.h; sourceTree = "<group>"; };
		38E5EC161D648D4100309F55 /* EMMessage.h */ = {isa = PBXFileReference; fileEncoding = 4; lastKnownFileType = sourcecode.c.h; path = EMMessage.h; sourceTree = "<group>"; };
		38E5EC171D648D4100309F55 /* EMMessage.m */ = {isa = PBXFileReference; fileEncoding = 4; lastKnownFileType = sourcecode.c.objc; path = EMMessage.m; sourceTree = "<group>"; };
		38E5EC181D648D4100309F55 /* EMRegisterRequest.h */ = {isa = PBXFileReference; fileEncoding = 4; lastKnownFileType = sourcecode.c.h; path = EMRegisterRequest.h; sourceTree = "<group>"; };
		38E5EC191D648D4100309F55 /* EMRegisterRequest.m */ = {isa = PBXFileReference; fileEncoding = 4; lastKnownFileType = sourcecode.c.objc; path = EMRegisterRequest.m; sourceTree = "<group>"; };
		38E5EC1A1D648D4100309F55 /* EMRetentionRequest.h */ = {isa = PBXFileReference; fileEncoding = 4; lastKnownFileType = sourcecode.c.h; path = EMRetentionRequest.h; sourceTree = "<group>"; };
		38E5EC1B1D648D4100309F55 /* EMRetentionRequest.m */ = {isa = PBXFileReference; fileEncoding = 4; lastKnownFileType = sourcecode.c.objc; path = EMRetentionRequest.m; sourceTree = "<group>"; };
		38E5EC1C1D648D4100309F55 /* EMSettingsModel.h */ = {isa = PBXFileReference; fileEncoding = 4; lastKnownFileType = sourcecode.c.h; path = EMSettingsModel.h; sourceTree = "<group>"; };
		38E5EC1D1D648D4100309F55 /* EMSettingsModel.m */ = {isa = PBXFileReference; fileEncoding = 4; lastKnownFileType = sourcecode.c.objc; path = EMSettingsModel.m; sourceTree = "<group>"; };
		38E5EC1E1D648D4100309F55 /* EMSettingsRequest.h */ = {isa = PBXFileReference; fileEncoding = 4; lastKnownFileType = sourcecode.c.h; path = EMSettingsRequest.h; sourceTree = "<group>"; };
		38E5EC1F1D648D4100309F55 /* EMSettingsRequest.m */ = {isa = PBXFileReference; fileEncoding = 4; lastKnownFileType = sourcecode.c.objc; path = EMSettingsRequest.m; sourceTree = "<group>"; };
		38E5EC201D648D4100309F55 /* EMTools.h */ = {isa = PBXFileReference; fileEncoding = 4; lastKnownFileType = sourcecode.c.h; path = EMTools.h; sourceTree = "<group>"; };
		38E5EC211D648D4100309F55 /* EMTools.m */ = {isa = PBXFileReference; fileEncoding = 4; lastKnownFileType = sourcecode.c.objc; path = EMTools.m; sourceTree = "<group>"; };
		38E5EC221D648D4100309F55 /* EMURLSessionDelegate.h */ = {isa = PBXFileReference; fileEncoding = 4; lastKnownFileType = sourcecode.c.h; path = EMURLSessionDelegate.h; sourceTree = "<group>"; };
		38E5EC231D648D4100309F55 /* EMURLSessionDelegate.m */ = {isa = PBXFileReference; fileEncoding = 4; lastKnownFileType = sourcecode.c.objc; path = EMURLSessionDelegate.m; sourceTree = "<group>"; };
		38E5EC241D648D4100309F55 /* EuroFramework.h */ = {isa = PBXFileReference; fileEncoding = 4; lastKnownFileType = sourcecode.c.h; path = EuroFramework.h; sourceTree = "<group>"; };
		38E5EC251D648D4100309F55 /* EuroManager.h */ = {isa = PBXFileReference; fileEncoding = 4; lastKnownFileType = sourcecode.c.h; path = EuroManager.h; sourceTree = "<group>"; };
		38E5EC261D648D4100309F55 /* EuroManager.m */ = {isa = PBXFileReference; fileEncoding = 4; lastKnownFileType = sourcecode.c.objc; path = EuroManager.m; sourceTree = "<group>"; };
		38E5EC271D648D4100309F55 /* Info.plist */ = {isa = PBXFileReference; fileEncoding = 4; lastKnownFileType = text.plist.xml; path = Info.plist; sourceTree = "<group>"; };
		38E5EC291D648D4100309F55 /* EMJSONModelLib.h */ = {isa = PBXFileReference; fileEncoding = 4; lastKnownFileType = sourcecode.c.h; path = EMJSONModelLib.h; sourceTree = "<group>"; };
		38E5EC2B1D648D4100309F55 /* EMJSONModel.h */ = {isa = PBXFileReference; fileEncoding = 4; lastKnownFileType = sourcecode.c.h; path = EMJSONModel.h; sourceTree = "<group>"; };
		38E5EC2C1D648D4100309F55 /* EMJSONModel.m */ = {isa = PBXFileReference; fileEncoding = 4; lastKnownFileType = sourcecode.c.objc; path = EMJSONModel.m; sourceTree = "<group>"; };
		38E5EC2D1D648D4100309F55 /* EMJSONModelArray.h */ = {isa = PBXFileReference; fileEncoding = 4; lastKnownFileType = sourcecode.c.h; path = EMJSONModelArray.h; sourceTree = "<group>"; };
		38E5EC2E1D648D4100309F55 /* EMJSONModelArray.m */ = {isa = PBXFileReference; fileEncoding = 4; lastKnownFileType = sourcecode.c.objc; path = EMJSONModelArray.m; sourceTree = "<group>"; };
		38E5EC2F1D648D4100309F55 /* EMJSONModelClassProperty.h */ = {isa = PBXFileReference; fileEncoding = 4; lastKnownFileType = sourcecode.c.h; path = EMJSONModelClassProperty.h; sourceTree = "<group>"; };
		38E5EC301D648D4100309F55 /* EMJSONModelClassProperty.m */ = {isa = PBXFileReference; fileEncoding = 4; lastKnownFileType = sourcecode.c.objc; path = EMJSONModelClassProperty.m; sourceTree = "<group>"; };
		38E5EC311D648D4100309F55 /* EMJSONModelError.h */ = {isa = PBXFileReference; fileEncoding = 4; lastKnownFileType = sourcecode.c.h; path = EMJSONModelError.h; sourceTree = "<group>"; };
		38E5EC321D648D4100309F55 /* EMJSONModelError.m */ = {isa = PBXFileReference; fileEncoding = 4; lastKnownFileType = sourcecode.c.objc; path = EMJSONModelError.m; sourceTree = "<group>"; };
		38E5EC341D648D4100309F55 /* NSArray+EMJSONModel.h */ = {isa = PBXFileReference; fileEncoding = 4; lastKnownFileType = sourcecode.c.h; path = "NSArray+EMJSONModel.h"; sourceTree = "<group>"; };
		38E5EC351D648D4100309F55 /* NSArray+EMJSONModel.m */ = {isa = PBXFileReference; fileEncoding = 4; lastKnownFileType = sourcecode.c.objc; path = "NSArray+EMJSONModel.m"; sourceTree = "<group>"; };
		38E5EC371D648D4100309F55 /* EMJSONKeyMapper.h */ = {isa = PBXFileReference; fileEncoding = 4; lastKnownFileType = sourcecode.c.h; path = EMJSONKeyMapper.h; sourceTree = "<group>"; };
		38E5EC381D648D4100309F55 /* EMJSONKeyMapper.m */ = {isa = PBXFileReference; fileEncoding = 4; lastKnownFileType = sourcecode.c.objc; path = EMJSONKeyMapper.m; sourceTree = "<group>"; };
		38E5EC391D648D4100309F55 /* EMJSONValueTransformer.h */ = {isa = PBXFileReference; fileEncoding = 4; lastKnownFileType = sourcecode.c.h; path = EMJSONValueTransformer.h; sourceTree = "<group>"; };
		38E5EC3A1D648D4100309F55 /* EMJSONValueTransformer.m */ = {isa = PBXFileReference; fileEncoding = 4; lastKnownFileType = sourcecode.c.objc; path = EMJSONValueTransformer.m; sourceTree = "<group>"; };
		569B719174EBFBB6255E1C9A /* Pods_Visilabs_Example.framework */ = {isa = PBXFileReference; explicitFileType = wrapper.framework; includeInIndex = 0; path = Pods_Visilabs_Example.framework; sourceTree = BUILT_PRODUCTS_DIR; };
		6003F58A195388D20070C39A /* Visilabs_Example.app */ = {isa = PBXFileReference; explicitFileType = wrapper.application; includeInIndex = 0; path = Visilabs_Example.app; sourceTree = BUILT_PRODUCTS_DIR; };
		6003F58D195388D20070C39A /* Foundation.framework */ = {isa = PBXFileReference; lastKnownFileType = wrapper.framework; name = Foundation.framework; path = System/Library/Frameworks/Foundation.framework; sourceTree = SDKROOT; };
		6003F58F195388D20070C39A /* CoreGraphics.framework */ = {isa = PBXFileReference; lastKnownFileType = wrapper.framework; name = CoreGraphics.framework; path = System/Library/Frameworks/CoreGraphics.framework; sourceTree = SDKROOT; };
		6003F591195388D20070C39A /* UIKit.framework */ = {isa = PBXFileReference; lastKnownFileType = wrapper.framework; name = UIKit.framework; path = System/Library/Frameworks/UIKit.framework; sourceTree = SDKROOT; };
		6003F595195388D20070C39A /* Visilabs-Info.plist */ = {isa = PBXFileReference; lastKnownFileType = text.plist.xml; path = "Visilabs-Info.plist"; sourceTree = "<group>"; };
		6003F597195388D20070C39A /* en */ = {isa = PBXFileReference; lastKnownFileType = text.plist.strings; name = en; path = en.lproj/InfoPlist.strings; sourceTree = "<group>"; };
		6003F599195388D20070C39A /* main.m */ = {isa = PBXFileReference; lastKnownFileType = sourcecode.c.objc; path = main.m; sourceTree = "<group>"; };
		6003F59B195388D20070C39A /* Visilabs-Prefix.pch */ = {isa = PBXFileReference; lastKnownFileType = sourcecode.c.h; path = "Visilabs-Prefix.pch"; sourceTree = "<group>"; };
		6003F59C195388D20070C39A /* VisilabsAppDelegate.h */ = {isa = PBXFileReference; lastKnownFileType = sourcecode.c.h; path = VisilabsAppDelegate.h; sourceTree = "<group>"; };
		6003F59D195388D20070C39A /* VisilabsAppDelegate.m */ = {isa = PBXFileReference; lastKnownFileType = sourcecode.c.objc; path = VisilabsAppDelegate.m; sourceTree = "<group>"; };
		6003F5A5195388D20070C39A /* VisilabsViewController.h */ = {isa = PBXFileReference; lastKnownFileType = sourcecode.c.h; path = VisilabsViewController.h; sourceTree = "<group>"; };
		6003F5A6195388D20070C39A /* VisilabsViewController.m */ = {isa = PBXFileReference; lastKnownFileType = sourcecode.c.objc; path = VisilabsViewController.m; sourceTree = "<group>"; };
		6003F5A8195388D20070C39A /* Images.xcassets */ = {isa = PBXFileReference; lastKnownFileType = folder.assetcatalog; path = Images.xcassets; sourceTree = "<group>"; };
		6003F5AE195388D20070C39A /* Visilabs_Tests.xctest */ = {isa = PBXFileReference; explicitFileType = wrapper.cfbundle; includeInIndex = 0; path = Visilabs_Tests.xctest; sourceTree = BUILT_PRODUCTS_DIR; };
		6003F5AF195388D20070C39A /* XCTest.framework */ = {isa = PBXFileReference; lastKnownFileType = wrapper.framework; name = XCTest.framework; path = Library/Frameworks/XCTest.framework; sourceTree = DEVELOPER_DIR; };
		6003F5B7195388D20070C39A /* Tests-Info.plist */ = {isa = PBXFileReference; lastKnownFileType = text.plist.xml; path = "Tests-Info.plist"; sourceTree = "<group>"; };
		6003F5B9195388D20070C39A /* en */ = {isa = PBXFileReference; lastKnownFileType = text.plist.strings; name = en; path = en.lproj/InfoPlist.strings; sourceTree = "<group>"; };
		6003F5BB195388D20070C39A /* Tests.m */ = {isa = PBXFileReference; lastKnownFileType = sourcecode.c.objc; path = Tests.m; sourceTree = "<group>"; };
		606FC2411953D9B200FFA9A0 /* Tests-Prefix.pch */ = {isa = PBXFileReference; lastKnownFileType = sourcecode.c.h; path = "Tests-Prefix.pch"; sourceTree = "<group>"; };
		630F4FC706E5D67238E8EA13 /* Pods-Visilabs_Example.release.xcconfig */ = {isa = PBXFileReference; includeInIndex = 1; lastKnownFileType = text.xcconfig; name = "Pods-Visilabs_Example.release.xcconfig"; path = "Pods/Target Support Files/Pods-Visilabs_Example/Pods-Visilabs_Example.release.xcconfig"; sourceTree = "<group>"; };
		7A6712CC4E38220274A10BBB /* Pods_Visilabs_Tests.framework */ = {isa = PBXFileReference; explicitFileType = wrapper.framework; includeInIndex = 0; path = Pods_Visilabs_Tests.framework; sourceTree = BUILT_PRODUCTS_DIR; };
		7B90A869BAC0DC417616274C /* LICENSE */ = {isa = PBXFileReference; includeInIndex = 1; lastKnownFileType = text; name = LICENSE; path = ../LICENSE; sourceTree = "<group>"; };
		873B8AEA1B1F5CCA007FD442 /* Main.storyboard */ = {isa = PBXFileReference; fileEncoding = 4; lastKnownFileType = file.storyboard; path = Main.storyboard; sourceTree = "<group>"; };
		CC85B6C35A5FDC0F6ED4562D /* Visilabs.podspec */ = {isa = PBXFileReference; includeInIndex = 1; lastKnownFileType = text; name = Visilabs.podspec; path = ../Visilabs.podspec; sourceTree = "<group>"; };
		EB182A46C0D422E631AED90B /* Pods-Visilabs_Example.debug.xcconfig */ = {isa = PBXFileReference; includeInIndex = 1; lastKnownFileType = text.xcconfig; name = "Pods-Visilabs_Example.debug.xcconfig"; path = "Pods/Target Support Files/Pods-Visilabs_Example/Pods-Visilabs_Example.debug.xcconfig"; sourceTree = "<group>"; };
		EED7F946BE1B60F709FAFFF9 /* Pods-Visilabs_Tests.debug.xcconfig */ = {isa = PBXFileReference; includeInIndex = 1; lastKnownFileType = text.xcconfig; name = "Pods-Visilabs_Tests.debug.xcconfig"; path = "Pods/Target Support Files/Pods-Visilabs_Tests/Pods-Visilabs_Tests.debug.xcconfig"; sourceTree = "<group>"; };
/* End PBXFileReference section */

/* Begin PBXFrameworksBuildPhase section */
		6003F587195388D20070C39A /* Frameworks */ = {
			isa = PBXFrameworksBuildPhase;
			buildActionMask = 2147483647;
			files = (
				6003F590195388D20070C39A /* CoreGraphics.framework in Frameworks */,
				6003F592195388D20070C39A /* UIKit.framework in Frameworks */,
				6003F58E195388D20070C39A /* Foundation.framework in Frameworks */,
				653BD086CFE2DEDB76DCA39D /* Pods_Visilabs_Example.framework in Frameworks */,
			);
			runOnlyForDeploymentPostprocessing = 0;
		};
		6003F5AB195388D20070C39A /* Frameworks */ = {
			isa = PBXFrameworksBuildPhase;
			buildActionMask = 2147483647;
			files = (
				6003F5B0195388D20070C39A /* XCTest.framework in Frameworks */,
				6003F5B2195388D20070C39A /* UIKit.framework in Frameworks */,
				6003F5B1195388D20070C39A /* Foundation.framework in Frameworks */,
				0ED2E57AA480F3255907AD6A /* Pods_Visilabs_Tests.framework in Frameworks */,
			);
			runOnlyForDeploymentPostprocessing = 0;
		};
/* End PBXFrameworksBuildPhase section */

/* Begin PBXGroup section */
		38E5EC0A1D648D4100309F55 /* EuroIOSFramework */ = {
			isa = PBXGroup;
			children = (
				38E5EC0B1D648D4100309F55 /* BaseObject.h */,
				38E5EC0C1D648D4100309F55 /* BaseObject.m */,
				38E5EC0D1D648D4100309F55 /* EMBaseRequest.h */,
				38E5EC0E1D648D4100309F55 /* EMBaseRequest.m */,
				38E5EC0F1D648D4100309F55 /* EMConnectionManager.h */,
				38E5EC101D648D4100309F55 /* EMConnectionManager.m */,
				38E5EC111D648D4100309F55 /* EMInteractiveAction.h */,
				38E5EC121D648D4100309F55 /* EMInteractiveAction.m */,
				38E5EC131D648D4100309F55 /* EMLocation.h */,
				38E5EC141D648D4100309F55 /* EMLocation.m */,
				38E5EC151D648D4100309F55 /* EMLogging.h */,
				38E5EC161D648D4100309F55 /* EMMessage.h */,
				38E5EC171D648D4100309F55 /* EMMessage.m */,
				38E5EC181D648D4100309F55 /* EMRegisterRequest.h */,
				38E5EC191D648D4100309F55 /* EMRegisterRequest.m */,
				38E5EC1A1D648D4100309F55 /* EMRetentionRequest.h */,
				38E5EC1B1D648D4100309F55 /* EMRetentionRequest.m */,
				38E5EC1C1D648D4100309F55 /* EMSettingsModel.h */,
				38E5EC1D1D648D4100309F55 /* EMSettingsModel.m */,
				38E5EC1E1D648D4100309F55 /* EMSettingsRequest.h */,
				38E5EC1F1D648D4100309F55 /* EMSettingsRequest.m */,
				38E5EC201D648D4100309F55 /* EMTools.h */,
				38E5EC211D648D4100309F55 /* EMTools.m */,
				38E5EC221D648D4100309F55 /* EMURLSessionDelegate.h */,
				38E5EC231D648D4100309F55 /* EMURLSessionDelegate.m */,
				38E5EC241D648D4100309F55 /* EuroFramework.h */,
				38E5EC251D648D4100309F55 /* EuroManager.h */,
				38E5EC261D648D4100309F55 /* EuroManager.m */,
				38E5EC271D648D4100309F55 /* Info.plist */,
				38E5EC281D648D4100309F55 /* JSONModel */,
			);
			path = EuroIOSFramework;
			sourceTree = "<group>";
		};
		38E5EC281D648D4100309F55 /* JSONModel */ = {
			isa = PBXGroup;
			children = (
				38E5EC291D648D4100309F55 /* EMJSONModelLib.h */,
				38E5EC2A1D648D4100309F55 /* JSONModel */,
				38E5EC331D648D4100309F55 /* JSONModelCategories */,
				38E5EC361D648D4100309F55 /* JSONModelTransformations */,
			);
			path = JSONModel;
			sourceTree = "<group>";
		};
		38E5EC2A1D648D4100309F55 /* JSONModel */ = {
			isa = PBXGroup;
			children = (
				38E5EC2B1D648D4100309F55 /* EMJSONModel.h */,
				38E5EC2C1D648D4100309F55 /* EMJSONModel.m */,
				38E5EC2D1D648D4100309F55 /* EMJSONModelArray.h */,
				38E5EC2E1D648D4100309F55 /* EMJSONModelArray.m */,
				38E5EC2F1D648D4100309F55 /* EMJSONModelClassProperty.h */,
				38E5EC301D648D4100309F55 /* EMJSONModelClassProperty.m */,
				38E5EC311D648D4100309F55 /* EMJSONModelError.h */,
				38E5EC321D648D4100309F55 /* EMJSONModelError.m */,
			);
			path = JSONModel;
			sourceTree = "<group>";
		};
		38E5EC331D648D4100309F55 /* JSONModelCategories */ = {
			isa = PBXGroup;
			children = (
				38E5EC341D648D4100309F55 /* NSArray+EMJSONModel.h */,
				38E5EC351D648D4100309F55 /* NSArray+EMJSONModel.m */,
			);
			path = JSONModelCategories;
			sourceTree = "<group>";
		};
		38E5EC361D648D4100309F55 /* JSONModelTransformations */ = {
			isa = PBXGroup;
			children = (
				38E5EC371D648D4100309F55 /* EMJSONKeyMapper.h */,
				38E5EC381D648D4100309F55 /* EMJSONKeyMapper.m */,
				38E5EC391D648D4100309F55 /* EMJSONValueTransformer.h */,
				38E5EC3A1D648D4100309F55 /* EMJSONValueTransformer.m */,
			);
			path = JSONModelTransformations;
			sourceTree = "<group>";
		};
		6003F581195388D10070C39A = {
			isa = PBXGroup;
			children = (
				385649AB1DEF71EF000CDFEE /* Visilabs_Example.entitlements */,
				60FF7A9C1954A5C5007DD14C /* Podspec Metadata */,
				6003F593195388D20070C39A /* Example for Visilabs */,
				6003F5B5195388D20070C39A /* Tests */,
				6003F58C195388D20070C39A /* Frameworks */,
				6003F58B195388D20070C39A /* Products */,
				E5D11253C47C5FC55951371E /* Pods */,
			);
			sourceTree = "<group>";
		};
		6003F58B195388D20070C39A /* Products */ = {
			isa = PBXGroup;
			children = (
				6003F58A195388D20070C39A /* Visilabs_Example.app */,
				6003F5AE195388D20070C39A /* Visilabs_Tests.xctest */,
			);
			name = Products;
			sourceTree = "<group>";
		};
		6003F58C195388D20070C39A /* Frameworks */ = {
			isa = PBXGroup;
			children = (
				6003F58D195388D20070C39A /* Foundation.framework */,
				6003F58F195388D20070C39A /* CoreGraphics.framework */,
				6003F591195388D20070C39A /* UIKit.framework */,
				6003F5AF195388D20070C39A /* XCTest.framework */,
				569B719174EBFBB6255E1C9A /* Pods_Visilabs_Example.framework */,
				7A6712CC4E38220274A10BBB /* Pods_Visilabs_Tests.framework */,
			);
			name = Frameworks;
			sourceTree = "<group>";
		};
		6003F593195388D20070C39A /* Example for Visilabs */ = {
			isa = PBXGroup;
			children = (
				38E5EC0A1D648D4100309F55 /* EuroIOSFramework */,
				6003F59C195388D20070C39A /* VisilabsAppDelegate.h */,
				6003F59D195388D20070C39A /* VisilabsAppDelegate.m */,
				873B8AEA1B1F5CCA007FD442 /* Main.storyboard */,
				6003F5A5195388D20070C39A /* VisilabsViewController.h */,
				6003F5A6195388D20070C39A /* VisilabsViewController.m */,
				6003F5A8195388D20070C39A /* Images.xcassets */,
				6003F594195388D20070C39A /* Supporting Files */,
				389651E11D654A9B0064B97F /* Location.gpx */,
			);
			name = "Example for Visilabs";
			path = Visilabs;
			sourceTree = "<group>";
		};
		6003F594195388D20070C39A /* Supporting Files */ = {
			isa = PBXGroup;
			children = (
				38AA5BC51D65D0E200DB0692 /* Location.gpx */,
				6003F595195388D20070C39A /* Visilabs-Info.plist */,
				6003F596195388D20070C39A /* InfoPlist.strings */,
				6003F599195388D20070C39A /* main.m */,
				6003F59B195388D20070C39A /* Visilabs-Prefix.pch */,
			);
			name = "Supporting Files";
			sourceTree = "<group>";
		};
		6003F5B5195388D20070C39A /* Tests */ = {
			isa = PBXGroup;
			children = (
				6003F5BB195388D20070C39A /* Tests.m */,
				6003F5B6195388D20070C39A /* Supporting Files */,
			);
			path = Tests;
			sourceTree = "<group>";
		};
		6003F5B6195388D20070C39A /* Supporting Files */ = {
			isa = PBXGroup;
			children = (
				6003F5B7195388D20070C39A /* Tests-Info.plist */,
				6003F5B8195388D20070C39A /* InfoPlist.strings */,
				606FC2411953D9B200FFA9A0 /* Tests-Prefix.pch */,
			);
			name = "Supporting Files";
			sourceTree = "<group>";
		};
		60FF7A9C1954A5C5007DD14C /* Podspec Metadata */ = {
			isa = PBXGroup;
			children = (
				CC85B6C35A5FDC0F6ED4562D /* Visilabs.podspec */,
				2D469D6657DB1137798D0294 /* README.md */,
				7B90A869BAC0DC417616274C /* LICENSE */,
			);
			name = "Podspec Metadata";
			sourceTree = "<group>";
		};
		E5D11253C47C5FC55951371E /* Pods */ = {
			isa = PBXGroup;
			children = (
				EB182A46C0D422E631AED90B /* Pods-Visilabs_Example.debug.xcconfig */,
				630F4FC706E5D67238E8EA13 /* Pods-Visilabs_Example.release.xcconfig */,
				EED7F946BE1B60F709FAFFF9 /* Pods-Visilabs_Tests.debug.xcconfig */,
				279EEC4F2D248E677D49A270 /* Pods-Visilabs_Tests.release.xcconfig */,
			);
			name = Pods;
			sourceTree = "<group>";
		};
/* End PBXGroup section */

/* Begin PBXNativeTarget section */
		6003F589195388D20070C39A /* Visilabs_Example */ = {
			isa = PBXNativeTarget;
			buildConfigurationList = 6003F5BF195388D20070C39A /* Build configuration list for PBXNativeTarget "Visilabs_Example" */;
			buildPhases = (
				41CF58E214D98EC93EE1996E /* [CP] Check Pods Manifest.lock */,
				6003F586195388D20070C39A /* Sources */,
				6003F587195388D20070C39A /* Frameworks */,
				6003F588195388D20070C39A /* Resources */,
				60AD5A8DFE79340AD2E6B557 /* [CP] Embed Pods Frameworks */,
				9D803AFAA75EA506BB6CFAE2 /* [CP] Copy Pods Resources */,
			);
			buildRules = (
			);
			dependencies = (
			);
			name = Visilabs_Example;
			productName = Visilabs;
			productReference = 6003F58A195388D20070C39A /* Visilabs_Example.app */;
			productType = "com.apple.product-type.application";
		};
		6003F5AD195388D20070C39A /* Visilabs_Tests */ = {
			isa = PBXNativeTarget;
			buildConfigurationList = 6003F5C2195388D20070C39A /* Build configuration list for PBXNativeTarget "Visilabs_Tests" */;
			buildPhases = (
				7B8B5AEB8A2B9F19E3C865C7 /* [CP] Check Pods Manifest.lock */,
				6003F5AA195388D20070C39A /* Sources */,
				6003F5AB195388D20070C39A /* Frameworks */,
				6003F5AC195388D20070C39A /* Resources */,
				E3B11BDC5F6A00D00EA8235A /* [CP] Embed Pods Frameworks */,
				69AAADA7451BA64906531052 /* [CP] Copy Pods Resources */,
			);
			buildRules = (
			);
			dependencies = (
				6003F5B4195388D20070C39A /* PBXTargetDependency */,
			);
			name = Visilabs_Tests;
			productName = VisilabsTests;
			productReference = 6003F5AE195388D20070C39A /* Visilabs_Tests.xctest */;
			productType = "com.apple.product-type.bundle.unit-test";
		};
/* End PBXNativeTarget section */

/* Begin PBXProject section */
		6003F582195388D10070C39A /* Project object */ = {
			isa = PBXProject;
			attributes = {
				CLASSPREFIX = Visilabs;
				LastUpgradeCheck = 0800;
				ORGANIZATIONNAME = visilabs;
				TargetAttributes = {
					6003F589195388D20070C39A = {
						DevelopmentTeam = 5M383PCDJZ;
						SystemCapabilities = {
							com.apple.Push = {
								enabled = 1;
							};
						};
					};
					6003F5AD195388D20070C39A = {
						TestTargetID = 6003F589195388D20070C39A;
					};
				};
			};
			buildConfigurationList = 6003F585195388D10070C39A /* Build configuration list for PBXProject "Visilabs" */;
			compatibilityVersion = "Xcode 3.2";
			developmentRegion = English;
			hasScannedForEncodings = 0;
			knownRegions = (
				en,
				Base,
			);
			mainGroup = 6003F581195388D10070C39A;
			productRefGroup = 6003F58B195388D20070C39A /* Products */;
			projectDirPath = "";
			projectRoot = "";
			targets = (
				6003F589195388D20070C39A /* Visilabs_Example */,
				6003F5AD195388D20070C39A /* Visilabs_Tests */,
			);
		};
/* End PBXProject section */

/* Begin PBXResourcesBuildPhase section */
		6003F588195388D20070C39A /* Resources */ = {
			isa = PBXResourcesBuildPhase;
			buildActionMask = 2147483647;
			files = (
				38E5EC481D648D4100309F55 /* Info.plist in Resources */,
				873B8AEB1B1F5CCA007FD442 /* Main.storyboard in Resources */,
				389651E21D654A9B0064B97F /* Location.gpx in Resources */,
				6003F5A9195388D20070C39A /* Images.xcassets in Resources */,
				6003F598195388D20070C39A /* InfoPlist.strings in Resources */,
			);
			runOnlyForDeploymentPostprocessing = 0;
		};
		6003F5AC195388D20070C39A /* Resources */ = {
			isa = PBXResourcesBuildPhase;
			buildActionMask = 2147483647;
			files = (
				6003F5BA195388D20070C39A /* InfoPlist.strings in Resources */,
			);
			runOnlyForDeploymentPostprocessing = 0;
		};
/* End PBXResourcesBuildPhase section */

/* Begin PBXShellScriptBuildPhase section */
		41CF58E214D98EC93EE1996E /* [CP] Check Pods Manifest.lock */ = {
			isa = PBXShellScriptBuildPhase;
			buildActionMask = 2147483647;
			files = (
			);
			inputPaths = (
			);
			name = "[CP] Check Pods Manifest.lock";
			outputPaths = (
			);
			runOnlyForDeploymentPostprocessing = 0;
			shellPath = /bin/sh;
			shellScript = "diff \"${PODS_ROOT}/../Podfile.lock\" \"${PODS_ROOT}/Manifest.lock\" > /dev/null\nif [ $? != 0 ] ; then\n    # print error to STDERR\n    echo \"error: The sandbox is not in sync with the Podfile.lock. Run 'pod install' or update your CocoaPods installation.\" >&2\n    exit 1\nfi\n";
			showEnvVarsInLog = 0;
		};
		60AD5A8DFE79340AD2E6B557 /* [CP] Embed Pods Frameworks */ = {
			isa = PBXShellScriptBuildPhase;
			buildActionMask = 2147483647;
			files = (
			);
			inputPaths = (
			);
			name = "[CP] Embed Pods Frameworks";
			outputPaths = (
			);
			runOnlyForDeploymentPostprocessing = 0;
			shellPath = /bin/sh;
			shellScript = "\"${SRCROOT}/Pods/Target Support Files/Pods-Visilabs_Example/Pods-Visilabs_Example-frameworks.sh\"\n";
			showEnvVarsInLog = 0;
		};
		69AAADA7451BA64906531052 /* [CP] Copy Pods Resources */ = {
			isa = PBXShellScriptBuildPhase;
			buildActionMask = 2147483647;
			files = (
			);
			inputPaths = (
			);
			name = "[CP] Copy Pods Resources";
			outputPaths = (
			);
			runOnlyForDeploymentPostprocessing = 0;
			shellPath = /bin/sh;
			shellScript = "\"${SRCROOT}/Pods/Target Support Files/Pods-Visilabs_Tests/Pods-Visilabs_Tests-resources.sh\"\n";
			showEnvVarsInLog = 0;
		};
		7B8B5AEB8A2B9F19E3C865C7 /* [CP] Check Pods Manifest.lock */ = {
			isa = PBXShellScriptBuildPhase;
			buildActionMask = 2147483647;
			files = (
			);
			inputPaths = (
			);
			name = "[CP] Check Pods Manifest.lock";
			outputPaths = (
			);
			runOnlyForDeploymentPostprocessing = 0;
			shellPath = /bin/sh;
			shellScript = "diff \"${PODS_ROOT}/../Podfile.lock\" \"${PODS_ROOT}/Manifest.lock\" > /dev/null\nif [ $? != 0 ] ; then\n    # print error to STDERR\n    echo \"error: The sandbox is not in sync with the Podfile.lock. Run 'pod install' or update your CocoaPods installation.\" >&2\n    exit 1\nfi\n";
			showEnvVarsInLog = 0;
		};
		9D803AFAA75EA506BB6CFAE2 /* [CP] Copy Pods Resources */ = {
			isa = PBXShellScriptBuildPhase;
			buildActionMask = 2147483647;
			files = (
			);
			inputPaths = (
			);
			name = "[CP] Copy Pods Resources";
			outputPaths = (
			);
			runOnlyForDeploymentPostprocessing = 0;
			shellPath = /bin/sh;
			shellScript = "\"${SRCROOT}/Pods/Target Support Files/Pods-Visilabs_Example/Pods-Visilabs_Example-resources.sh\"\n";
			showEnvVarsInLog = 0;
		};
		E3B11BDC5F6A00D00EA8235A /* [CP] Embed Pods Frameworks */ = {
			isa = PBXShellScriptBuildPhase;
			buildActionMask = 2147483647;
			files = (
			);
			inputPaths = (
			);
			name = "[CP] Embed Pods Frameworks";
			outputPaths = (
			);
			runOnlyForDeploymentPostprocessing = 0;
			shellPath = /bin/sh;
			shellScript = "\"${SRCROOT}/Pods/Target Support Files/Pods-Visilabs_Tests/Pods-Visilabs_Tests-frameworks.sh\"\n";
			showEnvVarsInLog = 0;
		};
/* End PBXShellScriptBuildPhase section */

/* Begin PBXSourcesBuildPhase section */
		6003F586195388D20070C39A /* Sources */ = {
			isa = PBXSourcesBuildPhase;
			buildActionMask = 2147483647;
			files = (
				38E5EC4B1D648D4100309F55 /* EMJSONModelClassProperty.m in Sources */,
				38E5EC431D648D4100309F55 /* EMSettingsModel.m in Sources */,
				38E5EC491D648D4100309F55 /* EMJSONModel.m in Sources */,
				38E5EC411D648D4100309F55 /* EMRegisterRequest.m in Sources */,
				38E5EC421D648D4100309F55 /* EMRetentionRequest.m in Sources */,
				38E5EC3C1D648D4100309F55 /* EMBaseRequest.m in Sources */,
				38E5EC4D1D648D4100309F55 /* NSArray+EMJSONModel.m in Sources */,
				6003F59E195388D20070C39A /* VisilabsAppDelegate.m in Sources */,
				38E5EC3F1D648D4100309F55 /* EMLocation.m in Sources */,
				38E5EC3E1D648D4100309F55 /* EMInteractiveAction.m in Sources */,
				38E5EC4E1D648D4100309F55 /* EMJSONKeyMapper.m in Sources */,
				38E5EC401D648D4100309F55 /* EMMessage.m in Sources */,
				38E5EC4A1D648D4100309F55 /* EMJSONModelArray.m in Sources */,
				38E5EC3B1D648D4100309F55 /* BaseObject.m in Sources */,
				38E5EC461D648D4100309F55 /* EMURLSessionDelegate.m in Sources */,
				6003F5A7195388D20070C39A /* VisilabsViewController.m in Sources */,
				38E5EC441D648D4100309F55 /* EMSettingsRequest.m in Sources */,
				38E5EC451D648D4100309F55 /* EMTools.m in Sources */,
				38E5EC4C1D648D4100309F55 /* EMJSONModelError.m in Sources */,
				6003F59A195388D20070C39A /* main.m in Sources */,
				38E5EC4F1D648D4100309F55 /* EMJSONValueTransformer.m in Sources */,
				38E5EC471D648D4100309F55 /* EuroManager.m in Sources */,
				38E5EC3D1D648D4100309F55 /* EMConnectionManager.m in Sources */,
			);
			runOnlyForDeploymentPostprocessing = 0;
		};
		6003F5AA195388D20070C39A /* Sources */ = {
			isa = PBXSourcesBuildPhase;
			buildActionMask = 2147483647;
			files = (
				6003F5BC195388D20070C39A /* Tests.m in Sources */,
			);
			runOnlyForDeploymentPostprocessing = 0;
		};
/* End PBXSourcesBuildPhase section */

/* Begin PBXTargetDependency section */
		6003F5B4195388D20070C39A /* PBXTargetDependency */ = {
			isa = PBXTargetDependency;
			target = 6003F589195388D20070C39A /* Visilabs_Example */;
			targetProxy = 6003F5B3195388D20070C39A /* PBXContainerItemProxy */;
		};
/* End PBXTargetDependency section */

/* Begin PBXVariantGroup section */
		6003F596195388D20070C39A /* InfoPlist.strings */ = {
			isa = PBXVariantGroup;
			children = (
				6003F597195388D20070C39A /* en */,
			);
			name = InfoPlist.strings;
			sourceTree = "<group>";
		};
		6003F5B8195388D20070C39A /* InfoPlist.strings */ = {
			isa = PBXVariantGroup;
			children = (
				6003F5B9195388D20070C39A /* en */,
			);
			name = InfoPlist.strings;
			sourceTree = "<group>";
		};
/* End PBXVariantGroup section */

/* Begin XCBuildConfiguration section */
		6003F5BD195388D20070C39A /* Debug */ = {
			isa = XCBuildConfiguration;
			buildSettings = {
				ALWAYS_SEARCH_USER_PATHS = NO;
				CLANG_ALLOW_NON_MODULAR_INCLUDES_IN_FRAMEWORK_MODULES = YES;
				CLANG_CXX_LANGUAGE_STANDARD = "gnu++0x";
				CLANG_CXX_LIBRARY = "libc++";
				CLANG_ENABLE_MODULES = YES;
				CLANG_ENABLE_OBJC_ARC = YES;
				CLANG_WARN_BOOL_CONVERSION = YES;
				CLANG_WARN_CONSTANT_CONVERSION = YES;
				CLANG_WARN_DIRECT_OBJC_ISA_USAGE = YES_ERROR;
				CLANG_WARN_EMPTY_BODY = YES;
				CLANG_WARN_ENUM_CONVERSION = YES;
				CLANG_WARN_INFINITE_RECURSION = YES;
				CLANG_WARN_INT_CONVERSION = YES;
				CLANG_WARN_OBJC_ROOT_CLASS = YES_ERROR;
				CLANG_WARN_SUSPICIOUS_MOVE = YES;
				CLANG_WARN_UNREACHABLE_CODE = YES;
				CLANG_WARN__DUPLICATE_METHOD_MATCH = YES;
				"CODE_SIGN_IDENTITY[sdk=iphoneos*]" = "iPhone Developer";
				COPY_PHASE_STRIP = NO;
				ENABLE_STRICT_OBJC_MSGSEND = YES;
				ENABLE_TESTABILITY = YES;
				GCC_C_LANGUAGE_STANDARD = gnu99;
				GCC_DYNAMIC_NO_PIC = NO;
				GCC_NO_COMMON_BLOCKS = YES;
				GCC_OPTIMIZATION_LEVEL = 0;
				GCC_PRECOMPILE_PREFIX_HEADER = NO;
				GCC_PREPROCESSOR_DEFINITIONS = (
					"DEBUG=1",
					"$(inherited)",
					"VISILABSDEBUG=1",
				);
				GCC_SYMBOLS_PRIVATE_EXTERN = NO;
				GCC_WARN_64_TO_32_BIT_CONVERSION = YES;
				GCC_WARN_ABOUT_RETURN_TYPE = YES_ERROR;
				GCC_WARN_UNDECLARED_SELECTOR = YES;
				GCC_WARN_UNINITIALIZED_AUTOS = YES_AGGRESSIVE;
				GCC_WARN_UNUSED_FUNCTION = YES;
				GCC_WARN_UNUSED_VARIABLE = YES;
				IPHONEOS_DEPLOYMENT_TARGET = 8.0;
				ONLY_ACTIVE_ARCH = YES;
				SDKROOT = iphoneos;
				TARGETED_DEVICE_FAMILY = "1,2";
			};
			name = Debug;
		};
		6003F5BE195388D20070C39A /* Release */ = {
			isa = XCBuildConfiguration;
			buildSettings = {
				ALWAYS_SEARCH_USER_PATHS = NO;
				CLANG_ALLOW_NON_MODULAR_INCLUDES_IN_FRAMEWORK_MODULES = YES;
				CLANG_CXX_LANGUAGE_STANDARD = "gnu++0x";
				CLANG_CXX_LIBRARY = "libc++";
				CLANG_ENABLE_MODULES = YES;
				CLANG_ENABLE_OBJC_ARC = YES;
				CLANG_WARN_BOOL_CONVERSION = YES;
				CLANG_WARN_CONSTANT_CONVERSION = YES;
				CLANG_WARN_DIRECT_OBJC_ISA_USAGE = YES_ERROR;
				CLANG_WARN_EMPTY_BODY = YES;
				CLANG_WARN_ENUM_CONVERSION = YES;
				CLANG_WARN_INFINITE_RECURSION = YES;
				CLANG_WARN_INT_CONVERSION = YES;
				CLANG_WARN_OBJC_ROOT_CLASS = YES_ERROR;
				CLANG_WARN_SUSPICIOUS_MOVE = YES;
				CLANG_WARN_UNREACHABLE_CODE = YES;
				CLANG_WARN__DUPLICATE_METHOD_MATCH = YES;
				"CODE_SIGN_IDENTITY[sdk=iphoneos*]" = "iPhone Developer";
				COPY_PHASE_STRIP = YES;
				ENABLE_NS_ASSERTIONS = NO;
				ENABLE_STRICT_OBJC_MSGSEND = YES;
				GCC_C_LANGUAGE_STANDARD = gnu99;
				GCC_NO_COMMON_BLOCKS = YES;
				GCC_PRECOMPILE_PREFIX_HEADER = NO;
				GCC_WARN_64_TO_32_BIT_CONVERSION = YES;
				GCC_WARN_ABOUT_RETURN_TYPE = YES_ERROR;
				GCC_WARN_UNDECLARED_SELECTOR = YES;
				GCC_WARN_UNINITIALIZED_AUTOS = YES_AGGRESSIVE;
				GCC_WARN_UNUSED_FUNCTION = YES;
				GCC_WARN_UNUSED_VARIABLE = YES;
				IPHONEOS_DEPLOYMENT_TARGET = 8.0;
				SDKROOT = iphoneos;
				TARGETED_DEVICE_FAMILY = "1,2";
				VALIDATE_PRODUCT = YES;
			};
			name = Release;
		};
		6003F5C0195388D20070C39A /* Debug */ = {
			isa = XCBuildConfiguration;
			baseConfigurationReference = EB182A46C0D422E631AED90B /* Pods-Visilabs_Example.debug.xcconfig */;
			buildSettings = {
				ASSETCATALOG_COMPILER_APPICON_NAME = AppIcon;
				ASSETCATALOG_COMPILER_LAUNCHIMAGE_NAME = LaunchImage;
				CLANG_ALLOW_NON_MODULAR_INCLUDES_IN_FRAMEWORK_MODULES = YES;
				CODE_SIGN_ENTITLEMENTS = Visilabs_Example.entitlements;
				CODE_SIGN_IDENTITY = "iPhone Developer";
				"CODE_SIGN_IDENTITY[sdk=iphoneos*]" = "iPhone Developer";
				GCC_PRECOMPILE_PREFIX_HEADER = YES;
				GCC_PREFIX_HEADER = "Visilabs/Visilabs-Prefix.pch";
				GCC_PREPROCESSOR_DEFINITIONS = (
					"$(inherited)",
					"VISILABSDEBUG=1",
				);
				"GCC_PREPROCESSOR_DEFINITIONS[arch=*]" = "VISILABSDEBUG=1";
				INFOPLIST_FILE = "Visilabs/Visilabs-Info.plist";
				MODULE_NAME = ExampleApp;
				PRODUCT_BUNDLE_IDENTIFIER = "org.cocoapods.demo.${PRODUCT_NAME:rfc1034identifier}";
				PRODUCT_NAME = "$(TARGET_NAME)";
				PROVISIONING_PROFILE = "";
				WRAPPER_EXTENSION = app;
			};
			name = Debug;
		};
		6003F5C1195388D20070C39A /* Release */ = {
			isa = XCBuildConfiguration;
			baseConfigurationReference = 630F4FC706E5D67238E8EA13 /* Pods-Visilabs_Example.release.xcconfig */;
			buildSettings = {
				ASSETCATALOG_COMPILER_APPICON_NAME = AppIcon;
				ASSETCATALOG_COMPILER_LAUNCHIMAGE_NAME = LaunchImage;
				CLANG_ALLOW_NON_MODULAR_INCLUDES_IN_FRAMEWORK_MODULES = YES;
				CODE_SIGN_ENTITLEMENTS = Visilabs_Example.entitlements;
				CODE_SIGN_IDENTITY = "iPhone Developer";
				"CODE_SIGN_IDENTITY[sdk=iphoneos*]" = "iPhone Developer";
				GCC_PRECOMPILE_PREFIX_HEADER = YES;
				GCC_PREFIX_HEADER = "Visilabs/Visilabs-Prefix.pch";
				GCC_PREPROCESSOR_DEFINITIONS = (
					"$(inherited)",
					"VISILABSDEBUG=1",
				);
				INFOPLIST_FILE = "Visilabs/Visilabs-Info.plist";
				MODULE_NAME = ExampleApp;
				PRODUCT_BUNDLE_IDENTIFIER = "org.cocoapods.demo.${PRODUCT_NAME:rfc1034identifier}";
				PRODUCT_NAME = "$(TARGET_NAME)";
				PROVISIONING_PROFILE = "";
				WRAPPER_EXTENSION = app;
			};
			name = Release;
		};
		6003F5C3195388D20070C39A /* Debug */ = {
			isa = XCBuildConfiguration;
			baseConfigurationReference = EED7F946BE1B60F709FAFFF9 /* Pods-Visilabs_Tests.debug.xcconfig */;
			buildSettings = {
				BUNDLE_LOADER = "$(TEST_HOST)";
				CLANG_ALLOW_NON_MODULAR_INCLUDES_IN_FRAMEWORK_MODULES = YES;
				FRAMEWORK_SEARCH_PATHS = (
					"$(SDKROOT)/Developer/Library/Frameworks",
					"$(inherited)",
					"$(DEVELOPER_FRAMEWORKS_DIR)",
				);
				GCC_PRECOMPILE_PREFIX_HEADER = YES;
				GCC_PREFIX_HEADER = "Tests/Tests-Prefix.pch";
				GCC_PREPROCESSOR_DEFINITIONS = (
					"DEBUG=1",
					"$(inherited)",
				);
				INFOPLIST_FILE = "Tests/Tests-Info.plist";
				PRODUCT_BUNDLE_IDENTIFIER = "org.cocoapods.demo.${PRODUCT_NAME:rfc1034identifier}";
				PRODUCT_NAME = "$(TARGET_NAME)";
				TEST_HOST = "$(BUILT_PRODUCTS_DIR)/Visilabs_Example.app/Visilabs_Example";
				WRAPPER_EXTENSION = xctest;
			};
			name = Debug;
		};
		6003F5C4195388D20070C39A /* Release */ = {
			isa = XCBuildConfiguration;
			baseConfigurationReference = 279EEC4F2D248E677D49A270 /* Pods-Visilabs_Tests.release.xcconfig */;
			buildSettings = {
				BUNDLE_LOADER = "$(TEST_HOST)";
				CLANG_ALLOW_NON_MODULAR_INCLUDES_IN_FRAMEWORK_MODULES = YES;
				FRAMEWORK_SEARCH_PATHS = (
					"$(SDKROOT)/Developer/Library/Frameworks",
					"$(inherited)",
					"$(DEVELOPER_FRAMEWORKS_DIR)",
				);
				GCC_PRECOMPILE_PREFIX_HEADER = YES;
				GCC_PREFIX_HEADER = "Tests/Tests-Prefix.pch";
				INFOPLIST_FILE = "Tests/Tests-Info.plist";
				PRODUCT_BUNDLE_IDENTIFIER = "org.cocoapods.demo.${PRODUCT_NAME:rfc1034identifier}";
				PRODUCT_NAME = "$(TARGET_NAME)";
				TEST_HOST = "$(BUILT_PRODUCTS_DIR)/Visilabs_Example.app/Visilabs_Example";
				WRAPPER_EXTENSION = xctest;
			};
			name = Release;
		};
/* End XCBuildConfiguration section */

/* Begin XCConfigurationList section */
		6003F585195388D10070C39A /* Build configuration list for PBXProject "Visilabs" */ = {
			isa = XCConfigurationList;
			buildConfigurations = (
				6003F5BD195388D20070C39A /* Debug */,
				6003F5BE195388D20070C39A /* Release */,
			);
			defaultConfigurationIsVisible = 0;
			defaultConfigurationName = Release;
		};
		6003F5BF195388D20070C39A /* Build configuration list for PBXNativeTarget "Visilabs_Example" */ = {
			isa = XCConfigurationList;
			buildConfigurations = (
				6003F5C0195388D20070C39A /* Debug */,
				6003F5C1195388D20070C39A /* Release */,
			);
			defaultConfigurationIsVisible = 0;
			defaultConfigurationName = Release;
		};
		6003F5C2195388D20070C39A /* Build configuration list for PBXNativeTarget "Visilabs_Tests" */ = {
			isa = XCConfigurationList;
			buildConfigurations = (
				6003F5C3195388D20070C39A /* Debug */,
				6003F5C4195388D20070C39A /* Release */,
			);
			defaultConfigurationIsVisible = 0;
			defaultConfigurationName = Release;
		};
/* End XCConfigurationList section */
	};
	rootObject = 6003F582195388D10070C39A /* Project object */;
}
